
Microsoft Visual Studio Solution File, Format Version 12.00
# Visual Studio Version 17
VisualStudioVersion = 17.13.35913.81 d17.13
MinimumVisualStudioVersion = 10.0.40219.1
Project("{FAE04EC0-301F-11D3-BF4B-00C04F79EFBC}") = "StoreManagerApi", "StoreManagerApi\StoreManagerApi.csproj", "{E991ECC2-3887-49A5-AED5-3FE994F0B30A}"
EndProject
Global
	GlobalSection(SolutionConfigurationPlatforms) = preSolution
		Debug|Any CPU = Debug|Any CPU
		Release|Any CPU = Release|Any CPU
	EndGlobalSection
	GlobalSection(ProjectConfigurationPlatforms) = postSolution
		{E991ECC2-3887-49A5-AED5-3FE994F0B30A}.Debug|Any CPU.ActiveCfg = Debug|Any CPU
		{E991ECC2-3887-49A5-AED5-3FE994F0B30A}.Debug|Any CPU.Build.0 = Debug|Any CPU
		{E991ECC2-3887-49A5-AED5-3FE994F0B30A}.Release|Any CPU.ActiveCfg = Release|Any CPU
		{E991ECC2-3887-49A5-AED5-3FE994F0B30A}.Release|Any CPU.Build.0 = Release|Any CPU
	EndGlobalSection
	GlobalSection(SolutionProperties) = preSolution
		HideSolutionNode = FALSE
	EndGlobalSection
	GlobalSection(ExtensibilityGlobals) = postSolution
		SolutionGuid = {21467137-CA9D-405A-9CB7-2BC523F7ABAE}
	EndGlobalSection
EndGlobal
