
Microsoft Visual Studio Solution File, Format Version 12.00
# Visual Studio Version 17
VisualStudioVersion = 17.12.35707.178
MinimumVisualStudioVersion = 10.0.40219.1
Project("{FAE04EC0-301F-11D3-BF4B-00C04F79EFBC}") = "surname_wfApp", "surname_wfApp\surname_wfApp.csproj", "{B3F00C0E-11C6-4F34-8E88-DA5BD47E030E}"
EndProject
Project("{FAE04EC0-301F-11D3-BF4B-00C04F79EFBC}") = "WinFormsApp1example_", "WinFormsApp1example_\WinFormsApp1example_.csproj", "{4E45D86B-B030-4945-AA0F-49183EBA4E64}"
EndProject
Global
	GlobalSection(SolutionConfigurationPlatforms) = preSolution
		Debug|Any CPU = Debug|Any CPU
		Release|Any CPU = Release|Any CPU
	EndGlobalSection
	GlobalSection(ProjectConfigurationPlatforms) = postSolution
		{B3F00C0E-11C6-4F34-8E88-DA5BD47E030E}.Debug|Any CPU.ActiveCfg = Debug|Any CPU
		{B3F00C0E-11C6-4F34-8E88-DA5BD47E030E}.Debug|Any CPU.Build.0 = Debug|Any CPU
		{B3F00C0E-11C6-4F34-8E88-DA5BD47E030E}.Release|Any CPU.ActiveCfg = Release|Any CPU
		{B3F00C0E-11C6-4F34-8E88-DA5BD47E030E}.Release|Any CPU.Build.0 = Release|Any CPU
		{4E45D86B-B030-4945-AA0F-49183EBA4E64}.Debug|Any CPU.ActiveCfg = Debug|Any CPU
		{4E45D86B-B030-4945-AA0F-49183EBA4E64}.Debug|Any CPU.Build.0 = Debug|Any CPU
		{4E45D86B-B030-4945-AA0F-49183EBA4E64}.Release|Any CPU.ActiveCfg = Release|Any CPU
		{4E45D86B-B030-4945-AA0F-49183EBA4E64}.Release|Any CPU.Build.0 = Release|Any CPU
	EndGlobalSection
	GlobalSection(SolutionProperties) = preSolution
		HideSolutionNode = FALSE
	EndGlobalSection
EndGlobal
