
Microsoft Visual Studio Solution File, Format Version 12.00
# Visual Studio Version 17
VisualStudioVersion = 17.13.35913.81
MinimumVisualStudioVersion = 10.0.40219.1
Project("{FAE04EC0-301F-11D3-BF4B-00C04F79EFBC}") = "StoreManager_4lab", "StoreManager_4lab\StoreManager_4lab.csproj", "{8C080B54-0095-42A7-AFC0-9D8FA33030B6}"
EndProject
Global
	GlobalSection(SolutionConfigurationPlatforms) = preSolution
		Debug|Any CPU = Debug|Any CPU
		Release|Any CPU = Release|Any CPU
	EndGlobalSection
	GlobalSection(ProjectConfigurationPlatforms) = postSolution
		{8C080B54-0095-42A7-AFC0-9D8FA33030B6}.Debug|Any CPU.ActiveCfg = Debug|Any CPU
		{8C080B54-0095-42A7-AFC0-9D8FA33030B6}.Debug|Any CPU.Build.0 = Debug|Any CPU
		{8C080B54-0095-42A7-AFC0-9D8FA33030B6}.Release|Any CPU.ActiveCfg = Release|Any CPU
		{8C080B54-0095-42A7-AFC0-9D8FA33030B6}.Release|Any CPU.Build.0 = Release|Any CPU
	EndGlobalSection
	GlobalSection(SolutionProperties) = preSolution
		HideSolutionNode = FALSE
	EndGlobalSection
	GlobalSection(ExtensibilityGlobals) = postSolution
		SolutionGuid = {141ACCCE-73BF-49D2-8DC6-DB1A42E60917}
	EndGlobalSection
EndGlobal
